
Microsoft Visual Studio Solution File, Format Version 12.00
# Visual Studio Version 17
VisualStudioVersion = 17.3.32819.101
MinimumVisualStudioVersion = 10.0.40219.1
Project("{9A19103F-16F7-4668-BE54-9A1E7A4F7556}") = "WebAPI", "WebAPI\WebAPI.csproj", "{FE3EB180-2632-4779-A0C2-C0DE5D6D2096}"
EndProject
Project("{FAE04EC0-301F-11D3-BF4B-00C04F79EFBC}") = "MovieTesting", "MovieTesting\MovieTesting.csproj", "{5BC3F4EC-5174-490F-8B9B-D63C87A178E5}"
EndProject
Global
	GlobalSection(SolutionConfigurationPlatforms) = preSolution
		Debug|Any CPU = Debug|Any CPU
		Release|Any CPU = Release|Any CPU
	EndGlobalSection
	GlobalSection(ProjectConfigurationPlatforms) = postSolution
		{FE3EB180-2632-4779-A0C2-C0DE5D6D2096}.Debug|Any CPU.ActiveCfg = Debug|Any CPU
		{FE3EB180-2632-4779-A0C2-C0DE5D6D2096}.Debug|Any CPU.Build.0 = Debug|Any CPU
		{FE3EB180-2632-4779-A0C2-C0DE5D6D2096}.Release|Any CPU.ActiveCfg = Release|Any CPU
		{FE3EB180-2632-4779-A0C2-C0DE5D6D2096}.Release|Any CPU.Build.0 = Release|Any CPU
		{5BC3F4EC-5174-490F-8B9B-D63C87A178E5}.Debug|Any CPU.ActiveCfg = Debug|Any CPU
		{5BC3F4EC-5174-490F-8B9B-D63C87A178E5}.Debug|Any CPU.Build.0 = Debug|Any CPU
		{5BC3F4EC-5174-490F-8B9B-D63C87A178E5}.Release|Any CPU.ActiveCfg = Release|Any CPU
		{5BC3F4EC-5174-490F-8B9B-D63C87A178E5}.Release|Any CPU.Build.0 = Release|Any CPU
	EndGlobalSection
	GlobalSection(SolutionProperties) = preSolution
		HideSolutionNode = FALSE
	EndGlobalSection
	GlobalSection(ExtensibilityGlobals) = postSolution
		SolutionGuid = {C621185F-14B2-4194-800A-1A9E1D6617D1}
	EndGlobalSection
EndGlobal
